
Microsoft Visual Studio Solution File, Format Version 12.00
# Visual Studio Version 16
VisualStudioVersion = 16.0.31205.134
MinimumVisualStudioVersion = 10.0.40219.1
Project("{8BC9CEB8-8B4A-11D0-8D11-00A0C91BC942}") = "demo", "demo.vcxproj", "{760C6279-339E-4EC6-9672-1C5AD532382A}"
EndProject
Global
	GlobalSection(SolutionConfigurationPlatforms) = preSolution
		Debug|x64 = Debug|x64
		Debug|x86 = Debug|x86
		Release|x64 = Release|x64
		Release|x86 = Release|x86
	EndGlobalSection
	GlobalSection(ProjectConfigurationPlatforms) = postSolution
		{760C6279-339E-4EC6-9672-1C5AD532382A}.Debug|x64.ActiveCfg = Debug|x64
		{760C6279-339E-4EC6-9672-1C5AD532382A}.Debug|x64.Build.0 = Debug|x64
		{760C6279-339E-4EC6-9672-1C5AD532382A}.Debug|x86.ActiveCfg = Debug|Win32
		{760C6279-339E-4EC6-9672-1C5AD532382A}.Debug|x86.Build.0 = Debug|Win32
		{760C6279-339E-4EC6-9672-1C5AD532382A}.Release|x64.ActiveCfg = Release|x64
		{760C6279-339E-4EC6-9672-1C5AD532382A}.Release|x64.Build.0 = Release|x64
		{760C6279-339E-4EC6-9672-1C5AD532382A}.Release|x86.ActiveCfg = Release|Win32
		{760C6279-339E-4EC6-9672-1C5AD532382A}.Release|x86.Build.0 = Release|Win32
	EndGlobalSection
	GlobalSection(SolutionProperties) = preSolution
		HideSolutionNode = FALSE
	EndGlobalSection
	GlobalSection(ExtensibilityGlobals) = postSolution
		SolutionGuid = {7162A314-E06D-4632-88DB-78F534DDEC97}
	EndGlobalSection
EndGlobal
